
Microsoft Visual Studio Solution File, Format Version 12.00
# Visual Studio 15
VisualStudioVersion = 15.0.28307.329
MinimumVisualStudioVersion = 10.0.40219.1
Project("{FAE04EC0-301F-11D3-BF4B-00C04F79EFBC}") = "InterfaceTask", "InterfaceTask\InterfaceTask.csproj", "{966BD827-7E36-4A6E-9853-61D0DF89E649}"
EndProject
Global
	GlobalSection(SolutionConfigurationPlatforms) = preSolution
		Debug|Any CPU = Debug|Any CPU
		Release|Any CPU = Release|Any CPU
	EndGlobalSection
	GlobalSection(ProjectConfigurationPlatforms) = postSolution
		{966BD827-7E36-4A6E-9853-61D0DF89E649}.Debug|Any CPU.ActiveCfg = Debug|Any CPU
		{966BD827-7E36-4A6E-9853-61D0DF89E649}.Debug|Any CPU.Build.0 = Debug|Any CPU
		{966BD827-7E36-4A6E-9853-61D0DF89E649}.Release|Any CPU.ActiveCfg = Release|Any CPU
		{966BD827-7E36-4A6E-9853-61D0DF89E649}.Release|Any CPU.Build.0 = Release|Any CPU
	EndGlobalSection
	GlobalSection(SolutionProperties) = preSolution
		HideSolutionNode = FALSE
	EndGlobalSection
	GlobalSection(ExtensibilityGlobals) = postSolution
		SolutionGuid = {ECBBBEEB-74D8-4B8E-AFB0-9ADEB251998E}
	EndGlobalSection
EndGlobal
