
Microsoft Visual Studio Solution File, Format Version 12.00
# Visual Studio 15
VisualStudioVersion = 15.0.28307.271
MinimumVisualStudioVersion = 10.0.40219.1
Project("{FAE04EC0-301F-11D3-BF4B-00C04F79EFBC}") = "BookAndWriterProgram", "BookAndWriterProgram\BookAndWriterProgram.csproj", "{B9BF3CB8-9372-4BA9-A513-1E953D671146}"
EndProject
Global
	GlobalSection(SolutionConfigurationPlatforms) = preSolution
		Debug|Any CPU = Debug|Any CPU
		Release|Any CPU = Release|Any CPU
	EndGlobalSection
	GlobalSection(ProjectConfigurationPlatforms) = postSolution
		{B9BF3CB8-9372-4BA9-A513-1E953D671146}.Debug|Any CPU.ActiveCfg = Debug|Any CPU
		{B9BF3CB8-9372-4BA9-A513-1E953D671146}.Debug|Any CPU.Build.0 = Debug|Any CPU
		{B9BF3CB8-9372-4BA9-A513-1E953D671146}.Release|Any CPU.ActiveCfg = Release|Any CPU
		{B9BF3CB8-9372-4BA9-A513-1E953D671146}.Release|Any CPU.Build.0 = Release|Any CPU
	EndGlobalSection
	GlobalSection(SolutionProperties) = preSolution
		HideSolutionNode = FALSE
	EndGlobalSection
	GlobalSection(ExtensibilityGlobals) = postSolution
		SolutionGuid = {10A96A34-6525-4BD3-B1B5-BCAF869DECE5}
	EndGlobalSection
EndGlobal
