
Microsoft Visual Studio Solution File, Format Version 12.00
# Visual Studio 15
VisualStudioVersion = 15.0.28307.168
MinimumVisualStudioVersion = 10.0.40219.1
Project("{FAE04EC0-301F-11D3-BF4B-00C04F79EFBC}") = "CompanyClass", "CompanyClass\CompanyClass.csproj", "{EEC55818-88C1-4E0A-B70D-2DCF302AE4CC}"
EndProject
Global
	GlobalSection(SolutionConfigurationPlatforms) = preSolution
		Debug|Any CPU = Debug|Any CPU
		Release|Any CPU = Release|Any CPU
	EndGlobalSection
	GlobalSection(ProjectConfigurationPlatforms) = postSolution
		{EEC55818-88C1-4E0A-B70D-2DCF302AE4CC}.Debug|Any CPU.ActiveCfg = Debug|Any CPU
		{EEC55818-88C1-4E0A-B70D-2DCF302AE4CC}.Debug|Any CPU.Build.0 = Debug|Any CPU
		{EEC55818-88C1-4E0A-B70D-2DCF302AE4CC}.Release|Any CPU.ActiveCfg = Release|Any CPU
		{EEC55818-88C1-4E0A-B70D-2DCF302AE4CC}.Release|Any CPU.Build.0 = Release|Any CPU
	EndGlobalSection
	GlobalSection(SolutionProperties) = preSolution
		HideSolutionNode = FALSE
	EndGlobalSection
	GlobalSection(ExtensibilityGlobals) = postSolution
		SolutionGuid = {AF3D4117-E305-4A7A-9E5F-1464E085175F}
	EndGlobalSection
EndGlobal
