
Microsoft Visual Studio Solution File, Format Version 12.00
# Visual Studio 15
VisualStudioVersion = 15.0.28307.271
MinimumVisualStudioVersion = 10.0.40219.1
Project("{FAE04EC0-301F-11D3-BF4B-00C04F79EFBC}") = "TicketProgram", "TicketProgram\TicketProgram.csproj", "{AED5218D-24A5-44DF-9765-0CC3C2E7766D}"
EndProject
Global
	GlobalSection(SolutionConfigurationPlatforms) = preSolution
		Debug|Any CPU = Debug|Any CPU
		Release|Any CPU = Release|Any CPU
	EndGlobalSection
	GlobalSection(ProjectConfigurationPlatforms) = postSolution
		{AED5218D-24A5-44DF-9765-0CC3C2E7766D}.Debug|Any CPU.ActiveCfg = Debug|Any CPU
		{AED5218D-24A5-44DF-9765-0CC3C2E7766D}.Debug|Any CPU.Build.0 = Debug|Any CPU
		{AED5218D-24A5-44DF-9765-0CC3C2E7766D}.Release|Any CPU.ActiveCfg = Release|Any CPU
		{AED5218D-24A5-44DF-9765-0CC3C2E7766D}.Release|Any CPU.Build.0 = Release|Any CPU
	EndGlobalSection
	GlobalSection(SolutionProperties) = preSolution
		HideSolutionNode = FALSE
	EndGlobalSection
	GlobalSection(ExtensibilityGlobals) = postSolution
		SolutionGuid = {17BA58E5-517D-4EE3-ACBA-81A9D7D32286}
	EndGlobalSection
EndGlobal
